// !$*UTF8*$!
{
	archiveVersion = 1;
	classes = {
	};
	objectVersion = 54;
	objects = {

/* Begin PBXBuildFile section */
		5714B395E6AEF5B5CAC1952A /* Pods_AIChatApp.framework in Frameworks */ = {isa = PBXBuildFile; fileRef = 3BD0621DCBA016574BF590FE /* Pods_AIChatApp.framework */; };
		6A56A7AF2CA15B9C00AC9A44 /* AppDelegate.swift in Sources */ = {isa = PBXBuildFile; fileRef = 6A56A7AE2CA15B9C00AC9A44 /* AppDelegate.swift */; };
		6A56A7B12CA15B9C00AC9A44 /* SceneDelegate.swift in Sources */ = {isa = PBXBuildFile; fileRef = 6A56A7B02CA15B9C00AC9A44 /* SceneDelegate.swift */; };
		6A56A7B32CA15B9C00AC9A44 /* ConverstionsViewController.swift in Sources */ = {isa = PBXBuildFile; fileRef = 6A56A7B22CA15B9C00AC9A44 /* ConverstionsViewController.swift */; };
		6A56A7B62CA15B9C00AC9A44 /* Base in Resources */ = {isa = PBXBuildFile; fileRef = 6A56A7B52CA15B9C00AC9A44 /* Base */; };
		6A56A7B82CA15B9D00AC9A44 /* Assets.xcassets in Resources */ = {isa = PBXBuildFile; fileRef = 6A56A7B72CA15B9D00AC9A44 /* Assets.xcassets */; };
		6A56A7BB2CA15B9D00AC9A44 /* Base in Resources */ = {isa = PBXBuildFile; fileRef = 6A56A7BA2CA15B9D00AC9A44 /* Base */; };
		6A56A7C92CA29DC400AC9A44 /* LoginViewController.swift in Sources */ = {isa = PBXBuildFile; fileRef = 6A56A7C82CA29DC400AC9A44 /* LoginViewController.swift */; };
		6A56A7CB2CA29DE800AC9A44 /* RegisterViewController.swift in Sources */ = {isa = PBXBuildFile; fileRef = 6A56A7CA2CA29DE800AC9A44 /* RegisterViewController.swift */; };
		6A56A7CD2CA29E0500AC9A44 /* PhotoViewController.swift in Sources */ = {isa = PBXBuildFile; fileRef = 6A56A7CC2CA29E0500AC9A44 /* PhotoViewController.swift */; };
		6A56A7CF2CA29E1800AC9A44 /* VideoPlayerViewController.swift in Sources */ = {isa = PBXBuildFile; fileRef = 6A56A7CE2CA29E1800AC9A44 /* VideoPlayerViewController.swift */; };
		6A56A7D12CA29E2900AC9A44 /* NewConversationViewController.swift in Sources */ = {isa = PBXBuildFile; fileRef = 6A56A7D02CA29E2900AC9A44 /* NewConversationViewController.swift */; };
		6A56A7D32CA29E4500AC9A44 /* ProfileViewController.swift in Sources */ = {isa = PBXBuildFile; fileRef = 6A56A7D22CA29E4500AC9A44 /* ProfileViewController.swift */; };
		6A56A7D62CA2ACBF00AC9A44 /* Extensions.swift in Sources */ = {isa = PBXBuildFile; fileRef = 6A56A7D52CA2ACBF00AC9A44 /* Extensions.swift */; };
		6A56A7DA2CA4036500AC9A44 /* GoogleService-Info.plist in Resources */ = {isa = PBXBuildFile; fileRef = 6A56A7D92CA4036500AC9A44 /* GoogleService-Info.plist */; };
		6A56A7DC2CA4106D00AC9A44 /* DatabaseManager.swift in Sources */ = {isa = PBXBuildFile; fileRef = 6A56A7DB2CA4106D00AC9A44 /* DatabaseManager.swift */; };
/* End PBXBuildFile section */

/* Begin PBXFileReference section */
		274F2EBB88D8B8D94D6B02E7 /* Pods-AIChatApp.debug.xcconfig */ = {isa = PBXFileReference; includeInIndex = 1; lastKnownFileType = text.xcconfig; name = "Pods-AIChatApp.debug.xcconfig"; path = "Target Support Files/Pods-AIChatApp/Pods-AIChatApp.debug.xcconfig"; sourceTree = "<group>"; };
		3BD0621DCBA016574BF590FE /* Pods_AIChatApp.framework */ = {isa = PBXFileReference; explicitFileType = wrapper.framework; includeInIndex = 0; path = Pods_AIChatApp.framework; sourceTree = BUILT_PRODUCTS_DIR; };
		6A56A7AB2CA15B9C00AC9A44 /* AIChatApp.app */ = {isa = PBXFileReference; explicitFileType = wrapper.application; includeInIndex = 0; path = AIChatApp.app; sourceTree = BUILT_PRODUCTS_DIR; };
		6A56A7AE2CA15B9C00AC9A44 /* AppDelegate.swift */ = {isa = PBXFileReference; lastKnownFileType = sourcecode.swift; path = AppDelegate.swift; sourceTree = "<group>"; };
		6A56A7B02CA15B9C00AC9A44 /* SceneDelegate.swift */ = {isa = PBXFileReference; lastKnownFileType = sourcecode.swift; path = SceneDelegate.swift; sourceTree = "<group>"; };
		6A56A7B22CA15B9C00AC9A44 /* ConverstionsViewController.swift */ = {isa = PBXFileReference; lastKnownFileType = sourcecode.swift; path = ConverstionsViewController.swift; sourceTree = "<group>"; };
		6A56A7B52CA15B9C00AC9A44 /* Base */ = {isa = PBXFileReference; lastKnownFileType = file.storyboard; name = Base; path = Base.lproj/Main.storyboard; sourceTree = "<group>"; };
		6A56A7B72CA15B9D00AC9A44 /* Assets.xcassets */ = {isa = PBXFileReference; lastKnownFileType = folder.assetcatalog; path = Assets.xcassets; sourceTree = "<group>"; };
		6A56A7BA2CA15B9D00AC9A44 /* Base */ = {isa = PBXFileReference; lastKnownFileType = file.storyboard; name = Base; path = Base.lproj/LaunchScreen.storyboard; sourceTree = "<group>"; };
		6A56A7BC2CA15B9D00AC9A44 /* Info.plist */ = {isa = PBXFileReference; lastKnownFileType = text.plist.xml; path = Info.plist; sourceTree = "<group>"; };
		6A56A7C82CA29DC400AC9A44 /* LoginViewController.swift */ = {isa = PBXFileReference; lastKnownFileType = sourcecode.swift; path = LoginViewController.swift; sourceTree = "<group>"; };
		6A56A7CA2CA29DE800AC9A44 /* RegisterViewController.swift */ = {isa = PBXFileReference; lastKnownFileType = sourcecode.swift; path = RegisterViewController.swift; sourceTree = "<group>"; };
		6A56A7CC2CA29E0500AC9A44 /* PhotoViewController.swift */ = {isa = PBXFileReference; lastKnownFileType = sourcecode.swift; path = PhotoViewController.swift; sourceTree = "<group>"; };
		6A56A7CE2CA29E1800AC9A44 /* VideoPlayerViewController.swift */ = {isa = PBXFileReference; lastKnownFileType = sourcecode.swift; path = VideoPlayerViewController.swift; sourceTree = "<group>"; };
		6A56A7D02CA29E2900AC9A44 /* NewConversationViewController.swift */ = {isa = PBXFileReference; lastKnownFileType = sourcecode.swift; path = NewConversationViewController.swift; sourceTree = "<group>"; };
		6A56A7D22CA29E4500AC9A44 /* ProfileViewController.swift */ = {isa = PBXFileReference; lastKnownFileType = sourcecode.swift; path = ProfileViewController.swift; sourceTree = "<group>"; };
		6A56A7D52CA2ACBF00AC9A44 /* Extensions.swift */ = {isa = PBXFileReference; lastKnownFileType = sourcecode.swift; path = Extensions.swift; sourceTree = "<group>"; };
		6A56A7D92CA4036500AC9A44 /* GoogleService-Info.plist */ = {isa = PBXFileReference; fileEncoding = 4; lastKnownFileType = text.plist.xml; path = "GoogleService-Info.plist"; sourceTree = "<group>"; };
		6A56A7DB2CA4106D00AC9A44 /* DatabaseManager.swift */ = {isa = PBXFileReference; lastKnownFileType = sourcecode.swift; path = DatabaseManager.swift; sourceTree = "<group>"; };
		D3DFE68ED804E85BA9E18921 /* Pods-AIChatApp.release.xcconfig */ = {isa = PBXFileReference; includeInIndex = 1; lastKnownFileType = text.xcconfig; name = "Pods-AIChatApp.release.xcconfig"; path = "Target Support Files/Pods-AIChatApp/Pods-AIChatApp.release.xcconfig"; sourceTree = "<group>"; };
/* End PBXFileReference section */

/* Begin PBXFrameworksBuildPhase section */
		6A56A7A82CA15B9C00AC9A44 /* Frameworks */ = {
			isa = PBXFrameworksBuildPhase;
			buildActionMask = 2147483647;
			files = (
				5714B395E6AEF5B5CAC1952A /* Pods_AIChatApp.framework in Frameworks */,
			);
			runOnlyForDeploymentPostprocessing = 0;
		};
/* End PBXFrameworksBuildPhase section */

/* Begin PBXGroup section */
		6A56A7A22CA15B9C00AC9A44 = {
			isa = PBXGroup;
			children = (
				6A56A7D92CA4036500AC9A44 /* GoogleService-Info.plist */,
				6A56A7AD2CA15B9C00AC9A44 /* AIChatApp */,
				6A56A7AC2CA15B9C00AC9A44 /* Products */,
				EA204288C974868DA8A3F278 /* Pods */,
				B28BAC333EA1289E1FEFA42C /* Frameworks */,
			);
			sourceTree = "<group>";
		};
		6A56A7AC2CA15B9C00AC9A44 /* Products */ = {
			isa = PBXGroup;
			children = (
				6A56A7AB2CA15B9C00AC9A44 /* AIChatApp.app */,
			);
			name = Products;
			sourceTree = "<group>";
		};
		6A56A7AD2CA15B9C00AC9A44 /* AIChatApp */ = {
			isa = PBXGroup;
			children = (
				6A56A7C62CA163A500AC9A44 /* Resources */,
				6A56A7C52CA1638D00AC9A44 /* Controllers */,
				6A56A7C22CA1615600AC9A44 /* Viewmodels */,
				6A56A7C42CA162F200AC9A44 /* Views */,
				6A56A7C32CA162E900AC9A44 /* Models */,
				6A56A7BC2CA15B9D00AC9A44 /* Info.plist */,
			);
			path = AIChatApp;
			sourceTree = "<group>";
		};
		6A56A7C22CA1615600AC9A44 /* Viewmodels */ = {
			isa = PBXGroup;
			children = (
			);
			path = Viewmodels;
			sourceTree = "<group>";
		};
		6A56A7C32CA162E900AC9A44 /* Models */ = {
			isa = PBXGroup;
			children = (
			);
			path = Models;
			sourceTree = "<group>";
		};
		6A56A7C42CA162F200AC9A44 /* Views */ = {
			isa = PBXGroup;
			children = (
				6A56A7C72CA2971B00AC9A44 /* Storyboards */,
				6A56A7B72CA15B9D00AC9A44 /* Assets.xcassets */,
			);
			path = Views;
			sourceTree = "<group>";
		};
		6A56A7C52CA1638D00AC9A44 /* Controllers */ = {
			isa = PBXGroup;
			children = (
				6A56A7B22CA15B9C00AC9A44 /* ConverstionsViewController.swift */,
				6A56A7D42CA2A39800AC9A44 /* Login */,
				6A56A7CC2CA29E0500AC9A44 /* PhotoViewController.swift */,
				6A56A7CE2CA29E1800AC9A44 /* VideoPlayerViewController.swift */,
				6A56A7D02CA29E2900AC9A44 /* NewConversationViewController.swift */,
				6A56A7D22CA29E4500AC9A44 /* ProfileViewController.swift */,
			);
			path = Controllers;
			sourceTree = "<group>";
		};
		6A56A7C62CA163A500AC9A44 /* Resources */ = {
			isa = PBXGroup;
			children = (
				6A56A7AE2CA15B9C00AC9A44 /* AppDelegate.swift */,
				6A56A7B02CA15B9C00AC9A44 /* SceneDelegate.swift */,
				6A56A7D52CA2ACBF00AC9A44 /* Extensions.swift */,
				6A56A7DB2CA4106D00AC9A44 /* DatabaseManager.swift */,
			);
			path = Resources;
			sourceTree = "<group>";
		};
		6A56A7C72CA2971B00AC9A44 /* Storyboards */ = {
			isa = PBXGroup;
			children = (
				6A56A7B42CA15B9C00AC9A44 /* Main.storyboard */,
				6A56A7B92CA15B9D00AC9A44 /* LaunchScreen.storyboard */,
			);
			path = Storyboards;
			sourceTree = "<group>";
		};
		6A56A7D42CA2A39800AC9A44 /* Login */ = {
			isa = PBXGroup;
			children = (
				6A56A7C82CA29DC400AC9A44 /* LoginViewController.swift */,
				6A56A7CA2CA29DE800AC9A44 /* RegisterViewController.swift */,
			);
			path = Login;
			sourceTree = "<group>";
		};
		B28BAC333EA1289E1FEFA42C /* Frameworks */ = {
			isa = PBXGroup;
			children = (
				3BD0621DCBA016574BF590FE /* Pods_AIChatApp.framework */,
			);
			name = Frameworks;
			sourceTree = "<group>";
		};
		EA204288C974868DA8A3F278 /* Pods */ = {
			isa = PBXGroup;
			children = (
				274F2EBB88D8B8D94D6B02E7 /* Pods-AIChatApp.debug.xcconfig */,
				D3DFE68ED804E85BA9E18921 /* Pods-AIChatApp.release.xcconfig */,
			);
			path = Pods;
			sourceTree = "<group>";
		};
/* End PBXGroup section */

/* Begin PBXNativeTarget section */
		6A56A7AA2CA15B9C00AC9A44 /* AIChatApp */ = {
			isa = PBXNativeTarget;
			buildConfigurationList = 6A56A7BF2CA15B9D00AC9A44 /* Build configuration list for PBXNativeTarget "AIChatApp" */;
			buildPhases = (
				D902FA30C01B49E4B87CC609 /* [CP] Check Pods Manifest.lock */,
				6A56A7A72CA15B9C00AC9A44 /* Sources */,
				6A56A7A82CA15B9C00AC9A44 /* Frameworks */,
				6A56A7A92CA15B9C00AC9A44 /* Resources */,
				29E510F9A2A15F5EAB7AABCD /* [CP] Embed Pods Frameworks */,
			);
			buildRules = (
			);
			dependencies = (
			);
			name = AIChatApp;
			productName = AIChatApp;
			productReference = 6A56A7AB2CA15B9C00AC9A44 /* AIChatApp.app */;
			productType = "com.apple.product-type.application";
		};
/* End PBXNativeTarget section */

/* Begin PBXProject section */
		6A56A7A32CA15B9C00AC9A44 /* Project object */ = {
			isa = PBXProject;
			attributes = {
				BuildIndependentTargetsInParallel = 1;
				LastSwiftUpdateCheck = 1540;
				LastUpgradeCheck = 1540;
				TargetAttributes = {
					6A56A7AA2CA15B9C00AC9A44 = {
						CreatedOnToolsVersion = 15.4;
					};
				};
			};
			buildConfigurationList = 6A56A7A62CA15B9C00AC9A44 /* Build configuration list for PBXProject "AIChatApp" */;
			compatibilityVersion = "Xcode 12.0";
			developmentRegion = en;
			hasScannedForEncodings = 0;
			knownRegions = (
				en,
				Base,
			);
			mainGroup = 6A56A7A22CA15B9C00AC9A44;
			productRefGroup = 6A56A7AC2CA15B9C00AC9A44 /* Products */;
			projectDirPath = "";
			projectRoot = "";
			targets = (
				6A56A7AA2CA15B9C00AC9A44 /* AIChatApp */,
			);
		};
/* End PBXProject section */

/* Begin PBXResourcesBuildPhase section */
		6A56A7A92CA15B9C00AC9A44 /* Resources */ = {
			isa = PBXResourcesBuildPhase;
			buildActionMask = 2147483647;
			files = (
				6A56A7B82CA15B9D00AC9A44 /* Assets.xcassets in Resources */,
				6A56A7DA2CA4036500AC9A44 /* GoogleService-Info.plist in Resources */,
				6A56A7BB2CA15B9D00AC9A44 /* Base in Resources */,
				6A56A7B62CA15B9C00AC9A44 /* Base in Resources */,
			);
			runOnlyForDeploymentPostprocessing = 0;
		};
/* End PBXResourcesBuildPhase section */

/* Begin PBXShellScriptBuildPhase section */
		29E510F9A2A15F5EAB7AABCD /* [CP] Embed Pods Frameworks */ = {
			isa = PBXShellScriptBuildPhase;
			buildActionMask = 2147483647;
			files = (
			);
			inputFileListPaths = (
				"${PODS_ROOT}/Target Support Files/Pods-AIChatApp/Pods-AIChatApp-frameworks-${CONFIGURATION}-input-files.xcfilelist",
			);
			name = "[CP] Embed Pods Frameworks";
			outputFileListPaths = (
				"${PODS_ROOT}/Target Support Files/Pods-AIChatApp/Pods-AIChatApp-frameworks-${CONFIGURATION}-output-files.xcfilelist",
			);
			runOnlyForDeploymentPostprocessing = 0;
			shellPath = /bin/sh;
			shellScript = "\"${PODS_ROOT}/Target Support Files/Pods-AIChatApp/Pods-AIChatApp-frameworks.sh\"\n";
			showEnvVarsInLog = 0;
		};
		D902FA30C01B49E4B87CC609 /* [CP] Check Pods Manifest.lock */ = {
			isa = PBXShellScriptBuildPhase;
			buildActionMask = 2147483647;
			files = (
			);
			inputFileListPaths = (
			);
			inputPaths = (
				"${PODS_PODFILE_DIR_PATH}/Podfile.lock",
				"${PODS_ROOT}/Manifest.lock",
			);
			name = "[CP] Check Pods Manifest.lock";
			outputFileListPaths = (
			);
			outputPaths = (
				"$(DERIVED_FILE_DIR)/Pods-AIChatApp-checkManifestLockResult.txt",
			);
			runOnlyForDeploymentPostprocessing = 0;
			shellPath = /bin/sh;
			shellScript = "diff \"${PODS_PODFILE_DIR_PATH}/Podfile.lock\" \"${PODS_ROOT}/Manifest.lock\" > /dev/null\nif [ $? != 0 ] ; then\n    # print error to STDERR\n    echo \"error: The sandbox is not in sync with the Podfile.lock. Run 'pod install' or update your CocoaPods installation.\" >&2\n    exit 1\nfi\n# This output is used by Xcode 'outputs' to avoid re-running this script phase.\necho \"SUCCESS\" > \"${SCRIPT_OUTPUT_FILE_0}\"\n";
			showEnvVarsInLog = 0;
		};
/* End PBXShellScriptBuildPhase section */

/* Begin PBXSourcesBuildPhase section */
		6A56A7A72CA15B9C00AC9A44 /* Sources */ = {
			isa = PBXSourcesBuildPhase;
			buildActionMask = 2147483647;
			files = (
				6A56A7C92CA29DC400AC9A44 /* LoginViewController.swift in Sources */,
				6A56A7DC2CA4106D00AC9A44 /* DatabaseManager.swift in Sources */,
				6A56A7CB2CA29DE800AC9A44 /* RegisterViewController.swift in Sources */,
				6A56A7D12CA29E2900AC9A44 /* NewConversationViewController.swift in Sources */,
				6A56A7B32CA15B9C00AC9A44 /* ConverstionsViewController.swift in Sources */,
				6A56A7CF2CA29E1800AC9A44 /* VideoPlayerViewController.swift in Sources */,
				6A56A7D62CA2ACBF00AC9A44 /* Extensions.swift in Sources */,
				6A56A7AF2CA15B9C00AC9A44 /* AppDelegate.swift in Sources */,
				6A56A7D32CA29E4500AC9A44 /* ProfileViewController.swift in Sources */,
				6A56A7B12CA15B9C00AC9A44 /* SceneDelegate.swift in Sources */,
				6A56A7CD2CA29E0500AC9A44 /* PhotoViewController.swift in Sources */,
			);
			runOnlyForDeploymentPostprocessing = 0;
		};
/* End PBXSourcesBuildPhase section */

/* Begin PBXVariantGroup section */
		6A56A7B42CA15B9C00AC9A44 /* Main.storyboard */ = {
			isa = PBXVariantGroup;
			children = (
				6A56A7B52CA15B9C00AC9A44 /* Base */,
			);
			name = Main.storyboard;
			sourceTree = "<group>";
		};
		6A56A7B92CA15B9D00AC9A44 /* LaunchScreen.storyboard */ = {
			isa = PBXVariantGroup;
			children = (
				6A56A7BA2CA15B9D00AC9A44 /* Base */,
			);
			name = LaunchScreen.storyboard;
			sourceTree = "<group>";
		};
/* End PBXVariantGroup section */

/* Begin XCBuildConfiguration section */
		6A56A7BD2CA15B9D00AC9A44 /* Debug */ = {
			isa = XCBuildConfiguration;
			buildSettings = {
				ALWAYS_SEARCH_USER_PATHS = NO;
				ASSETCATALOG_COMPILER_GENERATE_SWIFT_ASSET_SYMBOL_EXTENSIONS = YES;
				CLANG_ANALYZER_NONNULL = YES;
				CLANG_ANALYZER_NUMBER_OBJECT_CONVERSION = YES_AGGRESSIVE;
				CLANG_CXX_LANGUAGE_STANDARD = "gnu++20";
				CLANG_ENABLE_MODULES = YES;
				CLANG_ENABLE_OBJC_ARC = YES;
				CLANG_ENABLE_OBJC_WEAK = YES;
				CLANG_WARN_BLOCK_CAPTURE_AUTORELEASING = YES;
				CLANG_WARN_BOOL_CONVERSION = YES;
				CLANG_WARN_COMMA = YES;
				CLANG_WARN_CONSTANT_CONVERSION = YES;
				CLANG_WARN_DEPRECATED_OBJC_IMPLEMENTATIONS = YES;
				CLANG_WARN_DIRECT_OBJC_ISA_USAGE = YES_ERROR;
				CLANG_WARN_DOCUMENTATION_COMMENTS = YES;
				CLANG_WARN_EMPTY_BODY = YES;
				CLANG_WARN_ENUM_CONVERSION = YES;
				CLANG_WARN_INFINITE_RECURSION = YES;
				CLANG_WARN_INT_CONVERSION = YES;
				CLANG_WARN_NON_LITERAL_NULL_CONVERSION = YES;
				CLANG_WARN_OBJC_IMPLICIT_RETAIN_SELF = YES;
				CLANG_WARN_OBJC_LITERAL_CONVERSION = YES;
				CLANG_WARN_OBJC_ROOT_CLASS = YES_ERROR;
				CLANG_WARN_QUOTED_INCLUDE_IN_FRAMEWORK_HEADER = YES;
				CLANG_WARN_RANGE_LOOP_ANALYSIS = YES;
				CLANG_WARN_STRICT_PROTOTYPES = YES;
				CLANG_WARN_SUSPICIOUS_MOVE = YES;
				CLANG_WARN_UNGUARDED_AVAILABILITY = YES_AGGRESSIVE;
				CLANG_WARN_UNREACHABLE_CODE = YES;
				CLANG_WARN__DUPLICATE_METHOD_MATCH = YES;
				COPY_PHASE_STRIP = NO;
				DEBUG_INFORMATION_FORMAT = dwarf;
				ENABLE_STRICT_OBJC_MSGSEND = YES;
				ENABLE_TESTABILITY = YES;
				ENABLE_USER_SCRIPT_SANDBOXING = YES;
				GCC_C_LANGUAGE_STANDARD = gnu17;
				GCC_DYNAMIC_NO_PIC = NO;
				GCC_NO_COMMON_BLOCKS = YES;
				GCC_OPTIMIZATION_LEVEL = 0;
				GCC_PREPROCESSOR_DEFINITIONS = (
					"DEBUG=1",
					"$(inherited)",
				);
				GCC_WARN_64_TO_32_BIT_CONVERSION = YES;
				GCC_WARN_ABOUT_RETURN_TYPE = YES_ERROR;
				GCC_WARN_UNDECLARED_SELECTOR = YES;
				GCC_WARN_UNINITIALIZED_AUTOS = YES_AGGRESSIVE;
				GCC_WARN_UNUSED_FUNCTION = YES;
				GCC_WARN_UNUSED_VARIABLE = YES;
				IPHONEOS_DEPLOYMENT_TARGET = 17.5;
				LOCALIZATION_PREFERS_STRING_CATALOGS = YES;
				MTL_ENABLE_DEBUG_INFO = INCLUDE_SOURCE;
				MTL_FAST_MATH = YES;
				ONLY_ACTIVE_ARCH = YES;
				SDKROOT = iphoneos;
				SWIFT_ACTIVE_COMPILATION_CONDITIONS = "DEBUG $(inherited)";
				SWIFT_OPTIMIZATION_LEVEL = "-Onone";
			};
			name = Debug;
		};
		6A56A7BE2CA15B9D00AC9A44 /* Release */ = {
			isa = XCBuildConfiguration;
			buildSettings = {
				ALWAYS_SEARCH_USER_PATHS = NO;
				ASSETCATALOG_COMPILER_GENERATE_SWIFT_ASSET_SYMBOL_EXTENSIONS = YES;
				CLANG_ANALYZER_NONNULL = YES;
				CLANG_ANALYZER_NUMBER_OBJECT_CONVERSION = YES_AGGRESSIVE;
				CLANG_CXX_LANGUAGE_STANDARD = "gnu++20";
				CLANG_ENABLE_MODULES = YES;
				CLANG_ENABLE_OBJC_ARC = YES;
				CLANG_ENABLE_OBJC_WEAK = YES;
				CLANG_WARN_BLOCK_CAPTURE_AUTORELEASING = YES;
				CLANG_WARN_BOOL_CONVERSION = YES;
				CLANG_WARN_COMMA = YES;
				CLANG_WARN_CONSTANT_CONVERSION = YES;
				CLANG_WARN_DEPRECATED_OBJC_IMPLEMENTATIONS = YES;
				CLANG_WARN_DIRECT_OBJC_ISA_USAGE = YES_ERROR;
				CLANG_WARN_DOCUMENTATION_COMMENTS = YES;
				CLANG_WARN_EMPTY_BODY = YES;
				CLANG_WARN_ENUM_CONVERSION = YES;
				CLANG_WARN_INFINITE_RECURSION = YES;
				CLANG_WARN_INT_CONVERSION = YES;
				CLANG_WARN_NON_LITERAL_NULL_CONVERSION = YES;
				CLANG_WARN_OBJC_IMPLICIT_RETAIN_SELF = YES;
				CLANG_WARN_OBJC_LITERAL_CONVERSION = YES;
				CLANG_WARN_OBJC_ROOT_CLASS = YES_ERROR;
				CLANG_WARN_QUOTED_INCLUDE_IN_FRAMEWORK_HEADER = YES;
				CLANG_WARN_RANGE_LOOP_ANALYSIS = YES;
				CLANG_WARN_STRICT_PROTOTYPES = YES;
				CLANG_WARN_SUSPICIOUS_MOVE = YES;
				CLANG_WARN_UNGUARDED_AVAILABILITY = YES_AGGRESSIVE;
				CLANG_WARN_UNREACHABLE_CODE = YES;
				CLANG_WARN__DUPLICATE_METHOD_MATCH = YES;
				COPY_PHASE_STRIP = NO;
				DEBUG_INFORMATION_FORMAT = "dwarf-with-dsym";
				ENABLE_NS_ASSERTIONS = NO;
				ENABLE_STRICT_OBJC_MSGSEND = YES;
				ENABLE_USER_SCRIPT_SANDBOXING = YES;
				GCC_C_LANGUAGE_STANDARD = gnu17;
				GCC_NO_COMMON_BLOCKS = YES;
				GCC_WARN_64_TO_32_BIT_CONVERSION = YES;
				GCC_WARN_ABOUT_RETURN_TYPE = YES_ERROR;
				GCC_WARN_UNDECLARED_SELECTOR = YES;
				GCC_WARN_UNINITIALIZED_AUTOS = YES_AGGRESSIVE;
				GCC_WARN_UNUSED_FUNCTION = YES;
				GCC_WARN_UNUSED_VARIABLE = YES;
				IPHONEOS_DEPLOYMENT_TARGET = 17.5;
				LOCALIZATION_PREFERS_STRING_CATALOGS = YES;
				MTL_ENABLE_DEBUG_INFO = NO;
				MTL_FAST_MATH = YES;
				SDKROOT = iphoneos;
				SWIFT_COMPILATION_MODE = wholemodule;
				VALIDATE_PRODUCT = YES;
			};
			name = Release;
		};
		6A56A7C02CA15B9D00AC9A44 /* Debug */ = {
			isa = XCBuildConfiguration;
			baseConfigurationReference = 274F2EBB88D8B8D94D6B02E7 /* Pods-AIChatApp.debug.xcconfig */;
			buildSettings = {
				ASSETCATALOG_COMPILER_APPICON_NAME = AppIcon;
				ASSETCATALOG_COMPILER_GLOBAL_ACCENT_COLOR_NAME = AccentColor;
				CODE_SIGN_STYLE = Automatic;
				CURRENT_PROJECT_VERSION = 1;
				DEVELOPMENT_TEAM = AWK33BEYR4;
				ENABLE_USER_SCRIPT_SANDBOXING = NO;
				GENERATE_INFOPLIST_FILE = YES;
				INFOPLIST_FILE = AIChatApp/Info.plist;
				INFOPLIST_KEY_NSCameraUsageDescription = "Please allow access to take a profile picture";
				INFOPLIST_KEY_NSPhotoLibraryAddUsageDescription = "Please allow access to select a photo for your profile";
				INFOPLIST_KEY_UIApplicationSupportsIndirectInputEvents = YES;
				INFOPLIST_KEY_UILaunchStoryboardName = LaunchScreen;
				INFOPLIST_KEY_UIMainStoryboardFile = Main;
				INFOPLIST_KEY_UISupportedInterfaceOrientations = "UIInterfaceOrientationLandscapeLeft UIInterfaceOrientationLandscapeRight UIInterfaceOrientationPortrait UIInterfaceOrientationPortraitUpsideDown";
				IPHONEOS_DEPLOYMENT_TARGET = 16.5;
				LD_RUNPATH_SEARCH_PATHS = (
					"$(inherited)",
					"@executable_path/Frameworks",
				);
				MARKETING_VERSION = 1.0;
				PRODUCT_BUNDLE_IDENTIFIER = com.HainanMandi.AIChatApp;
				PRODUCT_NAME = "$(TARGET_NAME)";
				SWIFT_EMIT_LOC_STRINGS = YES;
				SWIFT_VERSION = 5.0;
				TARGETED_DEVICE_FAMILY = "1,2";
			};
			name = Debug;
		};
		6A56A7C12CA15B9D00AC9A44 /* Release */ = {
			isa = XCBuildConfiguration;
			baseConfigurationReference = D3DFE68ED804E85BA9E18921 /* Pods-AIChatApp.release.xcconfig */;
			buildSettings = {
				ASSETCATALOG_COMPILER_APPICON_NAME = AppIcon;
				ASSETCATALOG_COMPILER_GLOBAL_ACCENT_COLOR_NAME = AccentColor;
				CODE_SIGN_STYLE = Automatic;
				CURRENT_PROJECT_VERSION = 1;
				DEVELOPMENT_TEAM = AWK33BEYR4;
				ENABLE_USER_SCRIPT_SANDBOXING = NO;
				GENERATE_INFOPLIST_FILE = YES;
				INFOPLIST_FILE = AIChatApp/Info.plist;
				INFOPLIST_KEY_NSCameraUsageDescription = "Please allow access to take a profile picture";
				INFOPLIST_KEY_NSPhotoLibraryAddUsageDescription = "Please allow access to select a photo for your profile";
				INFOPLIST_KEY_UIApplicationSupportsIndirectInputEvents = YES;
				INFOPLIST_KEY_UILaunchStoryboardName = LaunchScreen;
				INFOPLIST_KEY_UIMainStoryboardFile = Main;
				INFOPLIST_KEY_UISupportedInterfaceOrientations = "UIInterfaceOrientationLandscapeLeft UIInterfaceOrientationLandscapeRight UIInterfaceOrientationPortrait UIInterfaceOrientationPortraitUpsideDown";
				IPHONEOS_DEPLOYMENT_TARGET = 16.5;
				LD_RUNPATH_SEARCH_PATHS = (
					"$(inherited)",
					"@executable_path/Frameworks",
				);
				MARKETING_VERSION = 1.0;
				PRODUCT_BUNDLE_IDENTIFIER = com.HainanMandi.AIChatApp;
				PRODUCT_NAME = "$(TARGET_NAME)";
				SWIFT_EMIT_LOC_STRINGS = YES;
				SWIFT_VERSION = 5.0;
				TARGETED_DEVICE_FAMILY = "1,2";
			};
			name = Release;
		};
/* End XCBuildConfiguration section */

/* Begin XCConfigurationList section */
		6A56A7A62CA15B9C00AC9A44 /* Build configuration list for PBXProject "AIChatApp" */ = {
			isa = XCConfigurationList;
			buildConfigurations = (
				6A56A7BD2CA15B9D00AC9A44 /* Debug */,
				6A56A7BE2CA15B9D00AC9A44 /* Release */,
			);
			defaultConfigurationIsVisible = 0;
			defaultConfigurationName = Release;
		};
		6A56A7BF2CA15B9D00AC9A44 /* Build configuration list for PBXNativeTarget "AIChatApp" */ = {
			isa = XCConfigurationList;
			buildConfigurations = (
				6A56A7C02CA15B9D00AC9A44 /* Debug */,
				6A56A7C12CA15B9D00AC9A44 /* Release */,
			);
			defaultConfigurationIsVisible = 0;
			defaultConfigurationName = Release;
		};
/* End XCConfigurationList section */
	};
	rootObject = 6A56A7A32CA15B9C00AC9A44 /* Project object */;
}
